
Microsoft Visual Studio Solution File, Format Version 12.00
# Visual Studio Version 16
VisualStudioVersion = 16.0.32929.386
MinimumVisualStudioVersion = 10.0.40219.1
Project("{FAE04EC0-301F-11D3-BF4B-00C04F79EFBC}") = "HastaneOtomasyonu", "HastaneOtomasyonu\HastaneOtomasyonu.csproj", "{FCAA1DE7-8BEC-4514-816A-15FBB10B9039}"
EndProject
Global
	GlobalSection(SolutionConfigurationPlatforms) = preSolution
		Debug|Any CPU = Debug|Any CPU
		Release|Any CPU = Release|Any CPU
	EndGlobalSection
	GlobalSection(ProjectConfigurationPlatforms) = postSolution
		{FCAA1DE7-8BEC-4514-816A-15FBB10B9039}.Debug|Any CPU.ActiveCfg = Debug|Any CPU
		{FCAA1DE7-8BEC-4514-816A-15FBB10B9039}.Debug|Any CPU.Build.0 = Debug|Any CPU
		{FCAA1DE7-8BEC-4514-816A-15FBB10B9039}.Release|Any CPU.ActiveCfg = Release|Any CPU
		{FCAA1DE7-8BEC-4514-816A-15FBB10B9039}.Release|Any CPU.Build.0 = Release|Any CPU
	EndGlobalSection
	GlobalSection(SolutionProperties) = preSolution
		HideSolutionNode = FALSE
	EndGlobalSection
	GlobalSection(ExtensibilityGlobals) = postSolution
		SolutionGuid = {63F0AEE8-8F52-4911-AC95-1623401E1311}
	EndGlobalSection
EndGlobal
